
Microsoft Visual Studio Solution File, Format Version 12.00
# Visual Studio Version 16
VisualStudioVersion = 16.0.29709.97
MinimumVisualStudioVersion = 10.0.40219.1
Project("{9A19103F-16F7-4668-BE54-9A1E7A4F7556}") = "Data", "Data\Data.csproj", "{091A2FC3-5292-47A1-A490-CC59235DF3E0}"
EndProject
Project("{9A19103F-16F7-4668-BE54-9A1E7A4F7556}") = "Domain", "Domain\Domain.csproj", "{DCA946B4-DF54-4D4F-83A9-76811A237E1B}"
EndProject
Project("{9A19103F-16F7-4668-BE54-9A1E7A4F7556}") = "Facade", "Facade\Facade.csproj", "{5EDB38E3-909E-4F67-BAFB-2B1C837A4093}"
EndProject
Project("{9A19103F-16F7-4668-BE54-9A1E7A4F7556}") = "Infra", "INfra\Infra.csproj", "{B4CFD105-2388-4F49-BDA3-025619EE225C}"
EndProject
Project("{9A19103F-16F7-4668-BE54-9A1E7A4F7556}") = "Pages", "Pages\Pages.csproj", "{BFC45928-F513-423F-8850-FB4753B048CC}"
EndProject
Project("{9A19103F-16F7-4668-BE54-9A1E7A4F7556}") = "Soft", "Soft\Soft.csproj", "{8B030A79-6A38-4518-A57A-E2723D638378}"
EndProject
Project("{9A19103F-16F7-4668-BE54-9A1E7A4F7556}") = "Tests", "Tests\Tests.csproj", "{9FA17D25-72F7-440C-BB08-FABCEA6C803F}"
EndProject
Project("{9A19103F-16F7-4668-BE54-9A1E7A4F7556}") = "Aids", "Aids\Aids.csproj", "{BD806F53-B007-4126-8139-7237F496FBF9}"
EndProject
Global
	GlobalSection(SolutionConfigurationPlatforms) = preSolution
		Debug|Any CPU = Debug|Any CPU
		Release|Any CPU = Release|Any CPU
	EndGlobalSection
	GlobalSection(ProjectConfigurationPlatforms) = postSolution
		{091A2FC3-5292-47A1-A490-CC59235DF3E0}.Debug|Any CPU.ActiveCfg = Debug|Any CPU
		{091A2FC3-5292-47A1-A490-CC59235DF3E0}.Debug|Any CPU.Build.0 = Debug|Any CPU
		{091A2FC3-5292-47A1-A490-CC59235DF3E0}.Release|Any CPU.ActiveCfg = Release|Any CPU
		{091A2FC3-5292-47A1-A490-CC59235DF3E0}.Release|Any CPU.Build.0 = Release|Any CPU
		{DCA946B4-DF54-4D4F-83A9-76811A237E1B}.Debug|Any CPU.ActiveCfg = Debug|Any CPU
		{DCA946B4-DF54-4D4F-83A9-76811A237E1B}.Debug|Any CPU.Build.0 = Debug|Any CPU
		{DCA946B4-DF54-4D4F-83A9-76811A237E1B}.Release|Any CPU.ActiveCfg = Release|Any CPU
		{DCA946B4-DF54-4D4F-83A9-76811A237E1B}.Release|Any CPU.Build.0 = Release|Any CPU
		{5EDB38E3-909E-4F67-BAFB-2B1C837A4093}.Debug|Any CPU.ActiveCfg = Debug|Any CPU
		{5EDB38E3-909E-4F67-BAFB-2B1C837A4093}.Debug|Any CPU.Build.0 = Debug|Any CPU
		{5EDB38E3-909E-4F67-BAFB-2B1C837A4093}.Release|Any CPU.ActiveCfg = Release|Any CPU
		{5EDB38E3-909E-4F67-BAFB-2B1C837A4093}.Release|Any CPU.Build.0 = Release|Any CPU
		{B4CFD105-2388-4F49-BDA3-025619EE225C}.Debug|Any CPU.ActiveCfg = Debug|Any CPU
		{B4CFD105-2388-4F49-BDA3-025619EE225C}.Debug|Any CPU.Build.0 = Debug|Any CPU
		{B4CFD105-2388-4F49-BDA3-025619EE225C}.Release|Any CPU.ActiveCfg = Release|Any CPU
		{B4CFD105-2388-4F49-BDA3-025619EE225C}.Release|Any CPU.Build.0 = Release|Any CPU
		{BFC45928-F513-423F-8850-FB4753B048CC}.Debug|Any CPU.ActiveCfg = Debug|Any CPU
		{BFC45928-F513-423F-8850-FB4753B048CC}.Debug|Any CPU.Build.0 = Debug|Any CPU
		{BFC45928-F513-423F-8850-FB4753B048CC}.Release|Any CPU.ActiveCfg = Release|Any CPU
		{BFC45928-F513-423F-8850-FB4753B048CC}.Release|Any CPU.Build.0 = Release|Any CPU
		{8B030A79-6A38-4518-A57A-E2723D638378}.Debug|Any CPU.ActiveCfg = Debug|Any CPU
		{8B030A79-6A38-4518-A57A-E2723D638378}.Debug|Any CPU.Build.0 = Debug|Any CPU
		{8B030A79-6A38-4518-A57A-E2723D638378}.Release|Any CPU.ActiveCfg = Release|Any CPU
		{8B030A79-6A38-4518-A57A-E2723D638378}.Release|Any CPU.Build.0 = Release|Any CPU
		{9FA17D25-72F7-440C-BB08-FABCEA6C803F}.Debug|Any CPU.ActiveCfg = Debug|Any CPU
		{9FA17D25-72F7-440C-BB08-FABCEA6C803F}.Debug|Any CPU.Build.0 = Debug|Any CPU
		{9FA17D25-72F7-440C-BB08-FABCEA6C803F}.Release|Any CPU.ActiveCfg = Release|Any CPU
		{9FA17D25-72F7-440C-BB08-FABCEA6C803F}.Release|Any CPU.Build.0 = Release|Any CPU
		{BD806F53-B007-4126-8139-7237F496FBF9}.Debug|Any CPU.ActiveCfg = Debug|Any CPU
		{BD806F53-B007-4126-8139-7237F496FBF9}.Debug|Any CPU.Build.0 = Debug|Any CPU
		{BD806F53-B007-4126-8139-7237F496FBF9}.Release|Any CPU.ActiveCfg = Release|Any CPU
		{BD806F53-B007-4126-8139-7237F496FBF9}.Release|Any CPU.Build.0 = Release|Any CPU
	EndGlobalSection
	GlobalSection(SolutionProperties) = preSolution
		HideSolutionNode = FALSE
	EndGlobalSection
	GlobalSection(ExtensibilityGlobals) = postSolution
		SolutionGuid = {A63C8552-7631-4D8B-B944-19F99B9A22A3}
	EndGlobalSection
EndGlobal
